<Solution>
  <Folder Name="/Solution Items/">
    <File Path=".gitignore" />
  </Folder>
  <Project Path="QuizRush.Api/QuizRush.Api.csproj" />
  <Project Path="QuizRush.Core/QuizRush.Core.csproj" />
  <Project Path="QuizRush.Infrastructure/QuizRush.Infrastructure.csproj" />
  <Project Path="QuizRush.Tests/QuizRush.Tests.csproj" Id="7ec04f1f-a5e3-410e-8585-bf4e76b8fcec" />
</Solution>
